{
  "name": "5E_Software",
  "lockfileVersion": 3,
  "requires": true,
  "packages": {
    "": {
      "dependencies": {
        "mecab-async": "^0.1.2"
      }
    },
    "node_modules/mecab-async": {
      "version": "0.1.2",
      "resolved": "https://registry.npmjs.org/mecab-async/-/mecab-async-0.1.2.tgz",
      "integrity": "sha512-/hruCkDWB+jM1bYMFM53HLzG6ENKVtC3n45qD1qxQUW99pz3rrsU4HKEqlYPVCr+/wv0ErBR0vNlVwAv92f2Wg==",
      "dependencies": {
        "shell-quote": "*"
      }
    },
    "node_modules/shell-quote": {
      "version": "1.8.1",
      "resolved": "https://registry.npmjs.org/shell-quote/-/shell-quote-1.8.1.tgz",
      "integrity": "sha512-6j1W9l1iAs/4xYBI1SYOVZyFcCis9b4KCLQ8fgAGG07QvzaRLVVRQvAy85yNmmZSjYjg4MWh4gNvlPujU/5LpA==",
      "funding": {
        "url": "https://github.com/sponsors/ljharb"
      }
    }
  }
}
